
Microsoft Visual Studio Solution File, Format Version 12.00
# Visual Studio Version 17
VisualStudioVersion = 17.14.36414.22
MinimumVisualStudioVersion = 10.0.40219.1
Project("{FAE04EC0-301F-11D3-BF4B-00C04F79EFBC}") = "WealthSummary.Domain", "WealthSummary.Domain\WealthSummary.Domain.csproj", "{23B680AC-403C-4796-BD58-DC855D393BB0}"
EndProject
Project("{FAE04EC0-301F-11D3-BF4B-00C04F79EFBC}") = "WealthSummary.Api", "WealthSummary.Api\WealthSummary.Api.csproj", "{BE7DCCCD-B677-46B2-B310-19CECB087908}"
EndProject
Project("{FAE04EC0-301F-11D3-BF4B-00C04F79EFBC}") = "WealthSummary.Infrastructure", "WealthSummary.Infrastructure\WealthSummary.Infrastructure.csproj", "{91B09E6F-FE89-48BE-A2B5-9D8C3B8692A8}"
EndProject
Global
	GlobalSection(SolutionConfigurationPlatforms) = preSolution
		Debug|Any CPU = Debug|Any CPU
		Release|Any CPU = Release|Any CPU
	EndGlobalSection
	GlobalSection(ProjectConfigurationPlatforms) = postSolution
		{23B680AC-403C-4796-BD58-DC855D393BB0}.Debug|Any CPU.ActiveCfg = Debug|Any CPU
		{23B680AC-403C-4796-BD58-DC855D393BB0}.Debug|Any CPU.Build.0 = Debug|Any CPU
		{23B680AC-403C-4796-BD58-DC855D393BB0}.Release|Any CPU.ActiveCfg = Release|Any CPU
		{23B680AC-403C-4796-BD58-DC855D393BB0}.Release|Any CPU.Build.0 = Release|Any CPU
		{BE7DCCCD-B677-46B2-B310-19CECB087908}.Debug|Any CPU.ActiveCfg = Debug|Any CPU
		{BE7DCCCD-B677-46B2-B310-19CECB087908}.Debug|Any CPU.Build.0 = Debug|Any CPU
		{BE7DCCCD-B677-46B2-B310-19CECB087908}.Release|Any CPU.ActiveCfg = Release|Any CPU
		{BE7DCCCD-B677-46B2-B310-19CECB087908}.Release|Any CPU.Build.0 = Release|Any CPU
		{91B09E6F-FE89-48BE-A2B5-9D8C3B8692A8}.Debug|Any CPU.ActiveCfg = Debug|Any CPU
		{91B09E6F-FE89-48BE-A2B5-9D8C3B8692A8}.Debug|Any CPU.Build.0 = Debug|Any CPU
		{91B09E6F-FE89-48BE-A2B5-9D8C3B8692A8}.Release|Any CPU.ActiveCfg = Release|Any CPU
		{91B09E6F-FE89-48BE-A2B5-9D8C3B8692A8}.Release|Any CPU.Build.0 = Release|Any CPU
	EndGlobalSection
	GlobalSection(SolutionProperties) = preSolution
		HideSolutionNode = FALSE
	EndGlobalSection
	GlobalSection(ExtensibilityGlobals) = postSolution
		SolutionGuid = {3B3728E9-6966-4DBA-8BDE-B085C90257AB}
	EndGlobalSection
EndGlobal
